// !$*UTF8*$!
{
	archiveVersion = 1;
	classes = {
	};
	objectVersion = 55;
	objects = {

/* Begin PBXBuildFile section */
		103DA95228A546E80084C04B /* messages.json in Resources */ = {isa = PBXBuildFile; fileRef = 103DA95128A546E80084C04B /* messages.json */; };
		103F8FE328ABF4AF00F6E718 /* MessagesData.swift in Sources */ = {isa = PBXBuildFile; fileRef = 103F8FE228ABF4AF00F6E718 /* MessagesData.swift */; };
		103F8FE528ABF56100F6E718 /* DataLoader.swift in Sources */ = {isa = PBXBuildFile; fileRef = 103F8FE428ABF56100F6E718 /* DataLoader.swift */; };
		103F8FE928AC1A3100F6E718 /* RecivedMessages.swift in Sources */ = {isa = PBXBuildFile; fileRef = 103F8FE828AC1A3100F6E718 /* RecivedMessages.swift */; };
		103F8FEB28AC6D1300F6E718 /* SendMessages.swift in Sources */ = {isa = PBXBuildFile; fileRef = 103F8FEA28AC6D1300F6E718 /* SendMessages.swift */; };
		109B62C428A2AE5C002B8CDA /* AppDelegate.swift in Sources */ = {isa = PBXBuildFile; fileRef = 109B62C328A2AE5C002B8CDA /* AppDelegate.swift */; };
		109B62C628A2AE5C002B8CDA /* SceneDelegate.swift in Sources */ = {isa = PBXBuildFile; fileRef = 109B62C528A2AE5C002B8CDA /* SceneDelegate.swift */; };
		109B62C828A2AE5C002B8CDA /* ViewController.swift in Sources */ = {isa = PBXBuildFile; fileRef = 109B62C728A2AE5C002B8CDA /* ViewController.swift */; };
		109B62CB28A2AE5C002B8CDA /* Main.storyboard in Resources */ = {isa = PBXBuildFile; fileRef = 109B62C928A2AE5C002B8CDA /* Main.storyboard */; };
		109B62CD28A2AE5D002B8CDA /* Assets.xcassets in Resources */ = {isa = PBXBuildFile; fileRef = 109B62CC28A2AE5D002B8CDA /* Assets.xcassets */; };
		109B62D028A2AE5D002B8CDA /* LaunchScreen.storyboard in Resources */ = {isa = PBXBuildFile; fileRef = 109B62CE28A2AE5D002B8CDA /* LaunchScreen.storyboard */; };
/* End PBXBuildFile section */

/* Begin PBXFileReference section */
		103DA95128A546E80084C04B /* messages.json */ = {isa = PBXFileReference; fileEncoding = 4; lastKnownFileType = text.json; name = messages.json; path = "../../../Desktop/b24138403354038966348ff26a73129f-b77fc806e86338edc985dc879b8dbb39b10bcc38/messages.json"; sourceTree = "<group>"; };
		103F8FE228ABF4AF00F6E718 /* MessagesData.swift */ = {isa = PBXFileReference; lastKnownFileType = sourcecode.swift; path = MessagesData.swift; sourceTree = "<group>"; };
		103F8FE428ABF56100F6E718 /* DataLoader.swift */ = {isa = PBXFileReference; lastKnownFileType = sourcecode.swift; path = DataLoader.swift; sourceTree = "<group>"; };
		103F8FE828AC1A3100F6E718 /* RecivedMessages.swift */ = {isa = PBXFileReference; lastKnownFileType = sourcecode.swift; path = RecivedMessages.swift; sourceTree = "<group>"; };
		103F8FEA28AC6D1300F6E718 /* SendMessages.swift */ = {isa = PBXFileReference; lastKnownFileType = sourcecode.swift; path = SendMessages.swift; sourceTree = "<group>"; };
		109B62C028A2AE5C002B8CDA /* Constraints.app */ = {isa = PBXFileReference; explicitFileType = wrapper.application; includeInIndex = 0; path = Constraints.app; sourceTree = BUILT_PRODUCTS_DIR; };
		109B62C328A2AE5C002B8CDA /* AppDelegate.swift */ = {isa = PBXFileReference; lastKnownFileType = sourcecode.swift; path = AppDelegate.swift; sourceTree = "<group>"; };
		109B62C528A2AE5C002B8CDA /* SceneDelegate.swift */ = {isa = PBXFileReference; lastKnownFileType = sourcecode.swift; path = SceneDelegate.swift; sourceTree = "<group>"; };
		109B62C728A2AE5C002B8CDA /* ViewController.swift */ = {isa = PBXFileReference; lastKnownFileType = sourcecode.swift; path = ViewController.swift; sourceTree = "<group>"; };
		109B62CA28A2AE5C002B8CDA /* Base */ = {isa = PBXFileReference; lastKnownFileType = file.storyboard; name = Base; path = Base.lproj/Main.storyboard; sourceTree = "<group>"; };
		109B62CC28A2AE5D002B8CDA /* Assets.xcassets */ = {isa = PBXFileReference; lastKnownFileType = folder.assetcatalog; path = Assets.xcassets; sourceTree = "<group>"; };
		109B62CF28A2AE5D002B8CDA /* Base */ = {isa = PBXFileReference; lastKnownFileType = file.storyboard; name = Base; path = Base.lproj/LaunchScreen.storyboard; sourceTree = "<group>"; };
		109B62D128A2AE5D002B8CDA /* Info.plist */ = {isa = PBXFileReference; lastKnownFileType = text.plist.xml; path = Info.plist; sourceTree = "<group>"; };
/* End PBXFileReference section */

/* Begin PBXFrameworksBuildPhase section */
		109B62BD28A2AE5C002B8CDA /* Frameworks */ = {
			isa = PBXFrameworksBuildPhase;
			buildActionMask = 2147483647;
			files = (
			);
			runOnlyForDeploymentPostprocessing = 0;
		};
/* End PBXFrameworksBuildPhase section */

/* Begin PBXGroup section */
		109B62B728A2AE5C002B8CDA = {
			isa = PBXGroup;
			children = (
				109B62C228A2AE5C002B8CDA /* Constraints */,
				109B62C128A2AE5C002B8CDA /* Products */,
			);
			sourceTree = "<group>";
		};
		109B62C128A2AE5C002B8CDA /* Products */ = {
			isa = PBXGroup;
			children = (
				109B62C028A2AE5C002B8CDA /* Constraints.app */,
			);
			name = Products;
			sourceTree = "<group>";
		};
		109B62C228A2AE5C002B8CDA /* Constraints */ = {
			isa = PBXGroup;
			children = (
				103DA95128A546E80084C04B /* messages.json */,
				109B62C328A2AE5C002B8CDA /* AppDelegate.swift */,
				109B62C528A2AE5C002B8CDA /* SceneDelegate.swift */,
				109B62C728A2AE5C002B8CDA /* ViewController.swift */,
				109B62C928A2AE5C002B8CDA /* Main.storyboard */,
				109B62CC28A2AE5D002B8CDA /* Assets.xcassets */,
				109B62CE28A2AE5D002B8CDA /* LaunchScreen.storyboard */,
				109B62D128A2AE5D002B8CDA /* Info.plist */,
				103F8FE228ABF4AF00F6E718 /* MessagesData.swift */,
				103F8FE428ABF56100F6E718 /* DataLoader.swift */,
				103F8FE828AC1A3100F6E718 /* RecivedMessages.swift */,
				103F8FEA28AC6D1300F6E718 /* SendMessages.swift */,
			);
			path = Constraints;
			sourceTree = "<group>";
		};
/* End PBXGroup section */

/* Begin PBXNativeTarget section */
		109B62BF28A2AE5C002B8CDA /* Constraints */ = {
			isa = PBXNativeTarget;
			buildConfigurationList = 109B62D428A2AE5D002B8CDA /* Build configuration list for PBXNativeTarget "Constraints" */;
			buildPhases = (
				109B62BC28A2AE5C002B8CDA /* Sources */,
				109B62BD28A2AE5C002B8CDA /* Frameworks */,
				109B62BE28A2AE5C002B8CDA /* Resources */,
			);
			buildRules = (
			);
			dependencies = (
			);
			name = Constraints;
			productName = Constraints;
			productReference = 109B62C028A2AE5C002B8CDA /* Constraints.app */;
			productType = "com.apple.product-type.application";
		};
/* End PBXNativeTarget section */

/* Begin PBXProject section */
		109B62B828A2AE5C002B8CDA /* Project object */ = {
			isa = PBXProject;
			attributes = {
				BuildIndependentTargetsInParallel = 1;
				LastSwiftUpdateCheck = 1340;
				LastUpgradeCheck = 1340;
				TargetAttributes = {
					109B62BF28A2AE5C002B8CDA = {
						CreatedOnToolsVersion = 13.4.1;
					};
				};
			};
			buildConfigurationList = 109B62BB28A2AE5C002B8CDA /* Build configuration list for PBXProject "Constraints" */;
			compatibilityVersion = "Xcode 13.0";
			developmentRegion = en;
			hasScannedForEncodings = 0;
			knownRegions = (
				en,
				Base,
			);
			mainGroup = 109B62B728A2AE5C002B8CDA;
			productRefGroup = 109B62C128A2AE5C002B8CDA /* Products */;
			projectDirPath = "";
			projectRoot = "";
			targets = (
				109B62BF28A2AE5C002B8CDA /* Constraints */,
			);
		};
/* End PBXProject section */

/* Begin PBXResourcesBuildPhase section */
		109B62BE28A2AE5C002B8CDA /* Resources */ = {
			isa = PBXResourcesBuildPhase;
			buildActionMask = 2147483647;
			files = (
				109B62D028A2AE5D002B8CDA /* LaunchScreen.storyboard in Resources */,
				103DA95228A546E80084C04B /* messages.json in Resources */,
				109B62CD28A2AE5D002B8CDA /* Assets.xcassets in Resources */,
				109B62CB28A2AE5C002B8CDA /* Main.storyboard in Resources */,
			);
			runOnlyForDeploymentPostprocessing = 0;
		};
/* End PBXResourcesBuildPhase section */

/* Begin PBXSourcesBuildPhase section */
		109B62BC28A2AE5C002B8CDA /* Sources */ = {
			isa = PBXSourcesBuildPhase;
			buildActionMask = 2147483647;
			files = (
				103F8FE928AC1A3100F6E718 /* RecivedMessages.swift in Sources */,
				103F8FE528ABF56100F6E718 /* DataLoader.swift in Sources */,
				103F8FEB28AC6D1300F6E718 /* SendMessages.swift in Sources */,
				109B62C828A2AE5C002B8CDA /* ViewController.swift in Sources */,
				109B62C428A2AE5C002B8CDA /* AppDelegate.swift in Sources */,
				109B62C628A2AE5C002B8CDA /* SceneDelegate.swift in Sources */,
				103F8FE328ABF4AF00F6E718 /* MessagesData.swift in Sources */,
			);
			runOnlyForDeploymentPostprocessing = 0;
		};
/* End PBXSourcesBuildPhase section */

/* Begin PBXVariantGroup section */
		109B62C928A2AE5C002B8CDA /* Main.storyboard */ = {
			isa = PBXVariantGroup;
			children = (
				109B62CA28A2AE5C002B8CDA /* Base */,
			);
			name = Main.storyboard;
			sourceTree = "<group>";
		};
		109B62CE28A2AE5D002B8CDA /* LaunchScreen.storyboard */ = {
			isa = PBXVariantGroup;
			children = (
				109B62CF28A2AE5D002B8CDA /* Base */,
			);
			name = LaunchScreen.storyboard;
			sourceTree = "<group>";
		};
/* End PBXVariantGroup section */

/* Begin XCBuildConfiguration section */
		109B62D228A2AE5D002B8CDA /* Debug */ = {
			isa = XCBuildConfiguration;
			buildSettings = {
				ALWAYS_SEARCH_USER_PATHS = NO;
				CLANG_ANALYZER_NONNULL = YES;
				CLANG_ANALYZER_NUMBER_OBJECT_CONVERSION = YES_AGGRESSIVE;
				CLANG_CXX_LANGUAGE_STANDARD = "gnu++17";
				CLANG_ENABLE_MODULES = YES;
				CLANG_ENABLE_OBJC_ARC = YES;
				CLANG_ENABLE_OBJC_WEAK = YES;
				CLANG_WARN_BLOCK_CAPTURE_AUTORELEASING = YES;
				CLANG_WARN_BOOL_CONVERSION = YES;
				CLANG_WARN_COMMA = YES;
				CLANG_WARN_CONSTANT_CONVERSION = YES;
				CLANG_WARN_DEPRECATED_OBJC_IMPLEMENTATIONS = YES;
				CLANG_WARN_DIRECT_OBJC_ISA_USAGE = YES_ERROR;
				CLANG_WARN_DOCUMENTATION_COMMENTS = YES;
				CLANG_WARN_EMPTY_BODY = YES;
				CLANG_WARN_ENUM_CONVERSION = YES;
				CLANG_WARN_INFINITE_RECURSION = YES;
				CLANG_WARN_INT_CONVERSION = YES;
				CLANG_WARN_NON_LITERAL_NULL_CONVERSION = YES;
				CLANG_WARN_OBJC_IMPLICIT_RETAIN_SELF = YES;
				CLANG_WARN_OBJC_LITERAL_CONVERSION = YES;
				CLANG_WARN_OBJC_ROOT_CLASS = YES_ERROR;
				CLANG_WARN_QUOTED_INCLUDE_IN_FRAMEWORK_HEADER = YES;
				CLANG_WARN_RANGE_LOOP_ANALYSIS = YES;
				CLANG_WARN_STRICT_PROTOTYPES = YES;
				CLANG_WARN_SUSPICIOUS_MOVE = YES;
				CLANG_WARN_UNGUARDED_AVAILABILITY = YES_AGGRESSIVE;
				CLANG_WARN_UNREACHABLE_CODE = YES;
				CLANG_WARN__DUPLICATE_METHOD_MATCH = YES;
				COPY_PHASE_STRIP = NO;
				DEBUG_INFORMATION_FORMAT = dwarf;
				ENABLE_STRICT_OBJC_MSGSEND = YES;
				ENABLE_TESTABILITY = YES;
				GCC_C_LANGUAGE_STANDARD = gnu11;
				GCC_DYNAMIC_NO_PIC = NO;
				GCC_NO_COMMON_BLOCKS = YES;
				GCC_OPTIMIZATION_LEVEL = 0;
				GCC_PREPROCESSOR_DEFINITIONS = (
					"DEBUG=1",
					"$(inherited)",
				);
				GCC_WARN_64_TO_32_BIT_CONVERSION = YES;
				GCC_WARN_ABOUT_RETURN_TYPE = YES_ERROR;
				GCC_WARN_UNDECLARED_SELECTOR = YES;
				GCC_WARN_UNINITIALIZED_AUTOS = YES_AGGRESSIVE;
				GCC_WARN_UNUSED_FUNCTION = YES;
				GCC_WARN_UNUSED_VARIABLE = YES;
				IPHONEOS_DEPLOYMENT_TARGET = 15.5;
				MTL_ENABLE_DEBUG_INFO = INCLUDE_SOURCE;
				MTL_FAST_MATH = YES;
				ONLY_ACTIVE_ARCH = YES;
				SDKROOT = iphoneos;
				SWIFT_ACTIVE_COMPILATION_CONDITIONS = DEBUG;
				SWIFT_OPTIMIZATION_LEVEL = "-Onone";
			};
			name = Debug;
		};
		109B62D328A2AE5D002B8CDA /* Release */ = {
			isa = XCBuildConfiguration;
			buildSettings = {
				ALWAYS_SEARCH_USER_PATHS = NO;
				CLANG_ANALYZER_NONNULL = YES;
				CLANG_ANALYZER_NUMBER_OBJECT_CONVERSION = YES_AGGRESSIVE;
				CLANG_CXX_LANGUAGE_STANDARD = "gnu++17";
				CLANG_ENABLE_MODULES = YES;
				CLANG_ENABLE_OBJC_ARC = YES;
				CLANG_ENABLE_OBJC_WEAK = YES;
				CLANG_WARN_BLOCK_CAPTURE_AUTORELEASING = YES;
				CLANG_WARN_BOOL_CONVERSION = YES;
				CLANG_WARN_COMMA = YES;
				CLANG_WARN_CONSTANT_CONVERSION = YES;
				CLANG_WARN_DEPRECATED_OBJC_IMPLEMENTATIONS = YES;
				CLANG_WARN_DIRECT_OBJC_ISA_USAGE = YES_ERROR;
				CLANG_WARN_DOCUMENTATION_COMMENTS = YES;
				CLANG_WARN_EMPTY_BODY = YES;
				CLANG_WARN_ENUM_CONVERSION = YES;
				CLANG_WARN_INFINITE_RECURSION = YES;
				CLANG_WARN_INT_CONVERSION = YES;
				CLANG_WARN_NON_LITERAL_NULL_CONVERSION = YES;
				CLANG_WARN_OBJC_IMPLICIT_RETAIN_SELF = YES;
				CLANG_WARN_OBJC_LITERAL_CONVERSION = YES;
				CLANG_WARN_OBJC_ROOT_CLASS = YES_ERROR;
				CLANG_WARN_QUOTED_INCLUDE_IN_FRAMEWORK_HEADER = YES;
				CLANG_WARN_RANGE_LOOP_ANALYSIS = YES;
				CLANG_WARN_STRICT_PROTOTYPES = YES;
				CLANG_WARN_SUSPICIOUS_MOVE = YES;
				CLANG_WARN_UNGUARDED_AVAILABILITY = YES_AGGRESSIVE;
				CLANG_WARN_UNREACHABLE_CODE = YES;
				CLANG_WARN__DUPLICATE_METHOD_MATCH = YES;
				COPY_PHASE_STRIP = NO;
				DEBUG_INFORMATION_FORMAT = "dwarf-with-dsym";
				ENABLE_NS_ASSERTIONS = NO;
				ENABLE_STRICT_OBJC_MSGSEND = YES;
				GCC_C_LANGUAGE_STANDARD = gnu11;
				GCC_NO_COMMON_BLOCKS = YES;
				GCC_WARN_64_TO_32_BIT_CONVERSION = YES;
				GCC_WARN_ABOUT_RETURN_TYPE = YES_ERROR;
				GCC_WARN_UNDECLARED_SELECTOR = YES;
				GCC_WARN_UNINITIALIZED_AUTOS = YES_AGGRESSIVE;
				GCC_WARN_UNUSED_FUNCTION = YES;
				GCC_WARN_UNUSED_VARIABLE = YES;
				IPHONEOS_DEPLOYMENT_TARGET = 15.5;
				MTL_ENABLE_DEBUG_INFO = NO;
				MTL_FAST_MATH = YES;
				SDKROOT = iphoneos;
				SWIFT_COMPILATION_MODE = wholemodule;
				SWIFT_OPTIMIZATION_LEVEL = "-O";
				VALIDATE_PRODUCT = YES;
			};
			name = Release;
		};
		109B62D528A2AE5D002B8CDA /* Debug */ = {
			isa = XCBuildConfiguration;
			buildSettings = {
				ASSETCATALOG_COMPILER_APPICON_NAME = AppIcon;
				ASSETCATALOG_COMPILER_GLOBAL_ACCENT_COLOR_NAME = AccentColor;
				CODE_SIGN_STYLE = Automatic;
				CURRENT_PROJECT_VERSION = 1;
				GENERATE_INFOPLIST_FILE = YES;
				INFOPLIST_FILE = Constraints/Info.plist;
				INFOPLIST_KEY_UIApplicationSupportsIndirectInputEvents = YES;
				INFOPLIST_KEY_UILaunchStoryboardName = LaunchScreen;
				INFOPLIST_KEY_UIMainStoryboardFile = Main;
				INFOPLIST_KEY_UISupportedInterfaceOrientations_iPad = "UIInterfaceOrientationPortrait UIInterfaceOrientationPortraitUpsideDown UIInterfaceOrientationLandscapeLeft UIInterfaceOrientationLandscapeRight";
				INFOPLIST_KEY_UISupportedInterfaceOrientations_iPhone = "UIInterfaceOrientationPortrait UIInterfaceOrientationLandscapeLeft UIInterfaceOrientationLandscapeRight";
				LD_RUNPATH_SEARCH_PATHS = (
					"$(inherited)",
					"@executable_path/Frameworks",
				);
				MARKETING_VERSION = 1.0;
				PRODUCT_BUNDLE_IDENTIFIER = com.globant.Constraints;
				PRODUCT_NAME = "$(TARGET_NAME)";
				SWIFT_EMIT_LOC_STRINGS = YES;
				SWIFT_VERSION = 5.0;
				TARGETED_DEVICE_FAMILY = "1,2";
			};
			name = Debug;
		};
		109B62D628A2AE5D002B8CDA /* Release */ = {
			isa = XCBuildConfiguration;
			buildSettings = {
				ASSETCATALOG_COMPILER_APPICON_NAME = AppIcon;
				ASSETCATALOG_COMPILER_GLOBAL_ACCENT_COLOR_NAME = AccentColor;
				CODE_SIGN_STYLE = Automatic;
				CURRENT_PROJECT_VERSION = 1;
				GENERATE_INFOPLIST_FILE = YES;
				INFOPLIST_FILE = Constraints/Info.plist;
				INFOPLIST_KEY_UIApplicationSupportsIndirectInputEvents = YES;
				INFOPLIST_KEY_UILaunchStoryboardName = LaunchScreen;
				INFOPLIST_KEY_UIMainStoryboardFile = Main;
				INFOPLIST_KEY_UISupportedInterfaceOrientations_iPad = "UIInterfaceOrientationPortrait UIInterfaceOrientationPortraitUpsideDown UIInterfaceOrientationLandscapeLeft UIInterfaceOrientationLandscapeRight";
				INFOPLIST_KEY_UISupportedInterfaceOrientations_iPhone = "UIInterfaceOrientationPortrait UIInterfaceOrientationLandscapeLeft UIInterfaceOrientationLandscapeRight";
				LD_RUNPATH_SEARCH_PATHS = (
					"$(inherited)",
					"@executable_path/Frameworks",
				);
				MARKETING_VERSION = 1.0;
				PRODUCT_BUNDLE_IDENTIFIER = com.globant.Constraints;
				PRODUCT_NAME = "$(TARGET_NAME)";
				SWIFT_EMIT_LOC_STRINGS = YES;
				SWIFT_VERSION = 5.0;
				TARGETED_DEVICE_FAMILY = "1,2";
			};
			name = Release;
		};
/* End XCBuildConfiguration section */

/* Begin XCConfigurationList section */
		109B62BB28A2AE5C002B8CDA /* Build configuration list for PBXProject "Constraints" */ = {
			isa = XCConfigurationList;
			buildConfigurations = (
				109B62D228A2AE5D002B8CDA /* Debug */,
				109B62D328A2AE5D002B8CDA /* Release */,
			);
			defaultConfigurationIsVisible = 0;
			defaultConfigurationName = Release;
		};
		109B62D428A2AE5D002B8CDA /* Build configuration list for PBXNativeTarget "Constraints" */ = {
			isa = XCConfigurationList;
			buildConfigurations = (
				109B62D528A2AE5D002B8CDA /* Debug */,
				109B62D628A2AE5D002B8CDA /* Release */,
			);
			defaultConfigurationIsVisible = 0;
			defaultConfigurationName = Release;
		};
/* End XCConfigurationList section */
	};
	rootObject = 109B62B828A2AE5C002B8CDA /* Project object */;
}
